
Microsoft Visual Studio Solution File, Format Version 12.00
# Visual Studio Version 17
VisualStudioVersion = 17.11.35219.272
MinimumVisualStudioVersion = 10.0.40219.1
Project("{FAE04EC0-301F-11D3-BF4B-00C04F79EFBC}") = "API_CRUD", "API_CRUD\API_CRUD.csproj", "{FA0F32EE-C5C5-4AA5-88FE-F0C46CC4C235}"
EndProject
Global
	GlobalSection(SolutionConfigurationPlatforms) = preSolution
		Debug|Any CPU = Debug|Any CPU
		Release|Any CPU = Release|Any CPU
	EndGlobalSection
	GlobalSection(ProjectConfigurationPlatforms) = postSolution
		{FA0F32EE-C5C5-4AA5-88FE-F0C46CC4C235}.Debug|Any CPU.ActiveCfg = Debug|Any CPU
		{FA0F32EE-C5C5-4AA5-88FE-F0C46CC4C235}.Debug|Any CPU.Build.0 = Debug|Any CPU
		{FA0F32EE-C5C5-4AA5-88FE-F0C46CC4C235}.Release|Any CPU.ActiveCfg = Release|Any CPU
		{FA0F32EE-C5C5-4AA5-88FE-F0C46CC4C235}.Release|Any CPU.Build.0 = Release|Any CPU
	EndGlobalSection
	GlobalSection(SolutionProperties) = preSolution
		HideSolutionNode = FALSE
	EndGlobalSection
	GlobalSection(ExtensibilityGlobals) = postSolution
		SolutionGuid = {071D6347-1233-49F7-9F12-851DEAFC5924}
	EndGlobalSection
EndGlobal
