
Microsoft Visual Studio Solution File, Format Version 12.00
# Visual Studio Version 17
VisualStudioVersion = 17.11.35219.272
MinimumVisualStudioVersion = 10.0.40219.1
Project("{FAE04EC0-301F-11D3-BF4B-00C04F79EFBC}") = "CodeFirstAPI", "CodeFirstAPI\CodeFirstAPI.csproj", "{0343B447-A39E-4564-9DDD-C43484F76D5F}"
EndProject
Project("{FAE04EC0-301F-11D3-BF4B-00C04F79EFBC}") = "DB", "DB\DB.csproj", "{798D48AC-C6D6-4879-9FF8-DC54C0BCC825}"
EndProject
Global
	GlobalSection(SolutionConfigurationPlatforms) = preSolution
		Debug|Any CPU = Debug|Any CPU
		Release|Any CPU = Release|Any CPU
	EndGlobalSection
	GlobalSection(ProjectConfigurationPlatforms) = postSolution
		{0343B447-A39E-4564-9DDD-C43484F76D5F}.Debug|Any CPU.ActiveCfg = Debug|Any CPU
		{0343B447-A39E-4564-9DDD-C43484F76D5F}.Debug|Any CPU.Build.0 = Debug|Any CPU
		{0343B447-A39E-4564-9DDD-C43484F76D5F}.Release|Any CPU.ActiveCfg = Release|Any CPU
		{0343B447-A39E-4564-9DDD-C43484F76D5F}.Release|Any CPU.Build.0 = Release|Any CPU
		{798D48AC-C6D6-4879-9FF8-DC54C0BCC825}.Debug|Any CPU.ActiveCfg = Debug|Any CPU
		{798D48AC-C6D6-4879-9FF8-DC54C0BCC825}.Debug|Any CPU.Build.0 = Debug|Any CPU
		{798D48AC-C6D6-4879-9FF8-DC54C0BCC825}.Release|Any CPU.ActiveCfg = Release|Any CPU
		{798D48AC-C6D6-4879-9FF8-DC54C0BCC825}.Release|Any CPU.Build.0 = Release|Any CPU
	EndGlobalSection
	GlobalSection(SolutionProperties) = preSolution
		HideSolutionNode = FALSE
	EndGlobalSection
	GlobalSection(ExtensibilityGlobals) = postSolution
		SolutionGuid = {07298DD8-9F8B-41E6-82A2-A4AF15D7E4BE}
	EndGlobalSection
EndGlobal
