
Microsoft Visual Studio Solution File, Format Version 12.00
# Visual Studio Version 17
VisualStudioVersion = 17.0.31903.59
MinimumVisualStudioVersion = 10.0.40219.1
Project("{FAE04EC0-301F-11D3-BF4B-00C04F79EFBC}") = "MoviesApp", "MoviesApp\MoviesApp.csproj", "{DD4269CC-9B22-440B-B8C8-7AF8C779433D}"
EndProject
Global
	GlobalSection(SolutionConfigurationPlatforms) = preSolution
		Debug|Any CPU = Debug|Any CPU
		Release|Any CPU = Release|Any CPU
	EndGlobalSection
	GlobalSection(SolutionProperties) = preSolution
		HideSolutionNode = FALSE
	EndGlobalSection
	GlobalSection(ProjectConfigurationPlatforms) = postSolution
		{DD4269CC-9B22-440B-B8C8-7AF8C779433D}.Debug|Any CPU.ActiveCfg = Debug|Any CPU
		{DD4269CC-9B22-440B-B8C8-7AF8C779433D}.Debug|Any CPU.Build.0 = Debug|Any CPU
		{DD4269CC-9B22-440B-B8C8-7AF8C779433D}.Release|Any CPU.ActiveCfg = Release|Any CPU
		{DD4269CC-9B22-440B-B8C8-7AF8C779433D}.Release|Any CPU.Build.0 = Release|Any CPU
	EndGlobalSection
EndGlobal
